
Microsoft Visual Studio Solution File, Format Version 12.00
# Visual Studio Version 16
VisualStudioVersion = 16.0.29201.188
MinimumVisualStudioVersion = 10.0.40219.1
Project("{FAE04EC0-301F-11D3-BF4B-00C04F79EFBC}") = "Hacheur_Licences", "Hacheur_Licences.csproj", "{B65B23F0-2007-4445-A806-9FDFEE58AA61}"
EndProject
Global
	GlobalSection(SolutionConfigurationPlatforms) = preSolution
		Debug|Any CPU = Debug|Any CPU
		Release|Any CPU = Release|Any CPU
	EndGlobalSection
	GlobalSection(ProjectConfigurationPlatforms) = postSolution
		{B65B23F0-2007-4445-A806-9FDFEE58AA61}.Debug|Any CPU.ActiveCfg = Debug|Any CPU
		{B65B23F0-2007-4445-A806-9FDFEE58AA61}.Debug|Any CPU.Build.0 = Debug|Any CPU
		{B65B23F0-2007-4445-A806-9FDFEE58AA61}.Release|Any CPU.ActiveCfg = Release|Any CPU
		{B65B23F0-2007-4445-A806-9FDFEE58AA61}.Release|Any CPU.Build.0 = Release|Any CPU
	EndGlobalSection
	GlobalSection(SolutionProperties) = preSolution
		HideSolutionNode = FALSE
	EndGlobalSection
	GlobalSection(ExtensibilityGlobals) = postSolution
		SolutionGuid = {B2693CA4-50C5-4734-8E5C-04F47046C185}
	EndGlobalSection
EndGlobal
